// !$*UTF8*$!
{
	archiveVersion = 1;
	classes = {
	};
	objectVersion = 46;
	objects = {

/* Begin PBXBuildFile section */
		FA01D21C1D1B22B100B49E70 /* DiskUsage.cpp in Sources */ = {isa = PBXBuildFile; fileRef = FA01D20F1D1B22B100B49E70 /* DiskUsage.cpp */; };
		FA01D21D1D1B22B100B49E70 /* lookup3.c in Sources */ = {isa = PBXBuildFile; fileRef = FA01D2111D1B22B100B49E70 /* lookup3.c */; };
		FA01D21E1D1B22B100B49E70 /* MobileCydia.mm in Sources */ = {isa = PBXBuildFile; fileRef = FA01D2121D1B22B100B49E70 /* MobileCydia.mm */; };
		FA01D2211D1B22B100B49E70 /* Sources.mm in Sources */ = {isa = PBXBuildFile; fileRef = FA01D2161D1B22B100B49E70 /* Sources.mm */; };
		FA01D2221D1B22B100B49E70 /* Version.mm in Sources */ = {isa = PBXBuildFile; fileRef = FA01D2191D1B22B100B49E70 /* Version.mm */; };
		FA0311681D1B2B3D008690CA /* CoreFoundation.framework in Frameworks */ = {isa = PBXBuildFile; fileRef = FA0311671D1B2B3D008690CA /* CoreFoundation.framework */; };
		FA03116A1D1B2B41008690CA /* CoreGraphics.framework in Frameworks */ = {isa = PBXBuildFile; fileRef = FA0311691D1B2B41008690CA /* CoreGraphics.framework */; };
		FA03116C1D1B2B46008690CA /* Foundation.framework in Frameworks */ = {isa = PBXBuildFile; fileRef = FA03116B1D1B2B46008690CA /* Foundation.framework */; };
		FA0311711D1B2B4E008690CA /* SpringBoardServices.framework in Frameworks */ = {isa = PBXBuildFile; fileRef = FA03116E1D1B2B4D008690CA /* SpringBoardServices.framework */; };
		FA0311721D1B2B4E008690CA /* WebCore.framework in Frameworks */ = {isa = PBXBuildFile; fileRef = FA03116F1D1B2B4E008690CA /* WebCore.framework */; };
		FA0311741D1B2B67008690CA /* SystemConfiguration.framework in Frameworks */ = {isa = PBXBuildFile; fileRef = FA0311731D1B2B67008690CA /* SystemConfiguration.framework */; };
		FA0311761D1B2B6C008690CA /* WebKit.framework in Frameworks */ = {isa = PBXBuildFile; fileRef = FA0311751D1B2B6C008690CA /* WebKit.framework */; };
		FA03117A1D1B2C14008690CA /* libicucore.tbd in Frameworks */ = {isa = PBXBuildFile; fileRef = FA0311791D1B2C14008690CA /* libicucore.tbd */; };
		FA03117C1D1B2C78008690CA /* IOKit.framework in Frameworks */ = {isa = PBXBuildFile; fileRef = FA03117B1D1B2C78008690CA /* IOKit.framework */; };
		FA03117E1D1B2C80008690CA /* QuartzCore.framework in Frameworks */ = {isa = PBXBuildFile; fileRef = FA03117D1D1B2C80008690CA /* QuartzCore.framework */; };
		FA0311A61D1B2CBD008690CA /* dispatchEvent.mm in Sources */ = {isa = PBXBuildFile; fileRef = FA0311811D1B2CBD008690CA /* dispatchEvent.mm */; };
		FA0311A71D1B2CBD008690CA /* MFMailComposeViewController-MailToURL.mm in Sources */ = {isa = PBXBuildFile; fileRef = FA0311861D1B2CBD008690CA /* MFMailComposeViewController-MailToURL.mm */; };
		FA0311A81D1B2CBD008690CA /* stringWithUTF8Bytes.mm in Sources */ = {isa = PBXBuildFile; fileRef = FA0311891D1B2CBD008690CA /* stringWithUTF8Bytes.mm */; };
		FA0311A91D1B2CBD008690CA /* TabBarController.mm in Sources */ = {isa = PBXBuildFile; fileRef = FA03118B1D1B2CBD008690CA /* TabBarController.mm */; };
		FA0311AA1D1B2CBD008690CA /* TableViewCell.mm in Sources */ = {isa = PBXBuildFile; fileRef = FA03118D1D1B2CBD008690CA /* TableViewCell.mm */; };
		FA0311AB1D1B2CBD008690CA /* ViewController.mm in Sources */ = {isa = PBXBuildFile; fileRef = FA0311911D1B2CBD008690CA /* ViewController.mm */; };
		FA0311AC1D1B2CBD008690CA /* WebScriptObject-Cyte.mm in Sources */ = {isa = PBXBuildFile; fileRef = FA0311931D1B2CBD008690CA /* WebScriptObject-Cyte.mm */; };
		FA0311AD1D1B2CBD008690CA /* WebView.mm in Sources */ = {isa = PBXBuildFile; fileRef = FA0311961D1B2CBD008690CA /* WebView.mm */; };
		FA0311AE1D1B2CBD008690CA /* WebViewController.mm in Sources */ = {isa = PBXBuildFile; fileRef = FA0311981D1B2CBD008690CA /* WebViewController.mm */; };
		FA0311AF1D1B2CBD008690CA /* WebViewTableViewCell.mm in Sources */ = {isa = PBXBuildFile; fileRef = FA03119A1D1B2CBD008690CA /* WebViewTableViewCell.mm */; };
		FA0311B01D1B2CBD008690CA /* invocationWithSelector.mm in Sources */ = {isa = PBXBuildFile; fileRef = FA03119E1D1B2CBD008690CA /* invocationWithSelector.mm */; };
		FA0311B11D1B2CBD008690CA /* radixSortWithSelector.mm in Sources */ = {isa = PBXBuildFile; fileRef = FA0311A31D1B2CBD008690CA /* radixSortWithSelector.mm */; };
		FA0311B21D1B2CBD008690CA /* yieldToSelector.mm in Sources */ = {isa = PBXBuildFile; fileRef = FA0311A51D1B2CBD008690CA /* yieldToSelector.mm */; };
		FA0311B61D1B2CDE008690CA /* SDURLCache.m in Sources */ = {isa = PBXBuildFile; fileRef = FA0311B51D1B2CDE008690CA /* SDURLCache.m */; };
		FA0311BF1D1B2CFD008690CA /* LoadingView.mm in Sources */ = {isa = PBXBuildFile; fileRef = FA0311B91D1B2CFD008690CA /* LoadingView.mm */; };
		FA0311C01D1B2CFD008690CA /* LoadingViewController.mm in Sources */ = {isa = PBXBuildFile; fileRef = FA0311BB1D1B2CFD008690CA /* LoadingViewController.mm */; };
		FA0311C11D1B2CFD008690CA /* MIMEAddress.mm in Sources */ = {isa = PBXBuildFile; fileRef = FA0311BD1D1B2CFD008690CA /* MIMEAddress.mm */; };
		FA0311C31D1B300E008690CA /* UIKit.framework in Frameworks */ = {isa = PBXBuildFile; fileRef = FA0311C21D1B300E008690CA /* UIKit.framework */; };
		FA28E7181D1B21A5003D3724 /* Main.storyboard in Resources */ = {isa = PBXBuildFile; fileRef = FA28E7161D1B21A5003D3724 /* Main.storyboard */; };
		FA28E71A1D1B21A5003D3724 /* Assets.xcassets in Resources */ = {isa = PBXBuildFile; fileRef = FA28E7191D1B21A5003D3724 /* Assets.xcassets */; };
		FA28E71D1D1B21A5003D3724 /* LaunchScreen.storyboard in Resources */ = {isa = PBXBuildFile; fileRef = FA28E71B1D1B21A5003D3724 /* LaunchScreen.storyboard */; };
		FA6C862D1D749C8100FB99CF /* UIWebDocumentView+BugFixes.mm in Sources */ = {isa = PBXBuildFile; fileRef = FA6C862C1D749C8100FB99CF /* UIWebDocumentView+BugFixes.mm */; };
		FA6C86331D74A97100FB99CF /* NSString+Cydia.mm in Sources */ = {isa = PBXBuildFile; fileRef = FA6C86321D74A97100FB99CF /* NSString+Cydia.mm */; };
		FA6C863F1D74AC6E00FB99CF /* DisplayHelpers.mm in Sources */ = {isa = PBXBuildFile; fileRef = FA6C863E1D74AC6E00FB99CF /* DisplayHelpers.mm */; };
		FA6C86471D74B04F00FB99CF /* CFArray+Sort.mm in Sources */ = {isa = PBXBuildFile; fileRef = FA6C86461D74B04F00FB99CF /* CFArray+Sort.mm */; };
		FA6D8CAA1D746C0800283EDB /* Reachability.mm in Sources */ = {isa = PBXBuildFile; fileRef = FA6D8CA91D746C0800283EDB /* Reachability.mm */; };
		FA6D8CAE1D74812500283EDB /* Profiling.mm in Sources */ = {isa = PBXBuildFile; fileRef = FA6D8CAD1D74812500283EDB /* Profiling.mm */; };
		FA9073F91D74554300BA0D1D /* libapt-inst.tbd in Frameworks */ = {isa = PBXBuildFile; fileRef = FA9073F81D74554300BA0D1D /* libapt-inst.tbd */; settings = {ATTRIBUTES = (Weak, ); }; };
		FA9073FB1D7455D800BA0D1D /* libapt-pkg.tbd in Frameworks */ = {isa = PBXBuildFile; fileRef = FA9073FA1D7455D800BA0D1D /* libapt-pkg.tbd */; settings = {ATTRIBUTES = (Weak, ); }; };
		FA9073FD1D7456A900BA0D1D /* GraphicsServices.framework in Frameworks */ = {isa = PBXBuildFile; fileRef = FA9073FC1D7456A900BA0D1D /* GraphicsServices.framework */; };
		FAA811AF1D745FF700C674C9 /* main.mm in Sources */ = {isa = PBXBuildFile; fileRef = FAA811AE1D745FF700C674C9 /* main.mm */; };
		FAA811B21D74664600C674C9 /* AppDelegate.mm in Sources */ = {isa = PBXBuildFile; fileRef = FAA811B11D74664600C674C9 /* AppDelegate.mm */; };
/* End PBXBuildFile section */

/* Begin PBXFileReference section */
		FA01D20C1D1B22B100B49E70 /* cfversion.mm */ = {isa = PBXFileReference; fileEncoding = 4; lastKnownFileType = sourcecode.cpp.objcpp; path = cfversion.mm; sourceTree = "<group>"; };
		FA01D20D1D1B22B100B49E70 /* cydo.cpp */ = {isa = PBXFileReference; fileEncoding = 4; lastKnownFileType = sourcecode.cpp.cpp; path = cydo.cpp; sourceTree = "<group>"; };
		FA01D20E1D1B22B100B49E70 /* Cytore.hpp */ = {isa = PBXFileReference; fileEncoding = 4; lastKnownFileType = sourcecode.cpp.h; path = Cytore.hpp; sourceTree = "<group>"; };
		FA01D20F1D1B22B100B49E70 /* DiskUsage.cpp */ = {isa = PBXFileReference; fileEncoding = 4; lastKnownFileType = sourcecode.cpp.cpp; path = DiskUsage.cpp; sourceTree = "<group>"; };
		FA01D2101D1B22B100B49E70 /* iPhonePrivate.h */ = {isa = PBXFileReference; fileEncoding = 4; lastKnownFileType = sourcecode.c.h; path = iPhonePrivate.h; sourceTree = "<group>"; };
		FA01D2111D1B22B100B49E70 /* lookup3.c */ = {isa = PBXFileReference; fileEncoding = 4; lastKnownFileType = sourcecode.c.c; path = lookup3.c; sourceTree = "<group>"; };
		FA01D2121D1B22B100B49E70 /* MobileCydia.mm */ = {isa = PBXFileReference; fileEncoding = 4; lastKnownFileType = sourcecode.cpp.objcpp; path = MobileCydia.mm; sourceTree = "<group>"; };
		FA01D2131D1B22B100B49E70 /* postinst.mm */ = {isa = PBXFileReference; fileEncoding = 4; lastKnownFileType = sourcecode.cpp.objcpp; path = postinst.mm; sourceTree = "<group>"; };
		FA01D2141D1B22B100B49E70 /* setnsfpn.cpp */ = {isa = PBXFileReference; fileEncoding = 4; lastKnownFileType = sourcecode.cpp.cpp; path = setnsfpn.cpp; sourceTree = "<group>"; };
		FA01D2151D1B22B100B49E70 /* Sources.h */ = {isa = PBXFileReference; fileEncoding = 4; lastKnownFileType = sourcecode.c.h; path = Sources.h; sourceTree = "<group>"; };
		FA01D2161D1B22B100B49E70 /* Sources.mm */ = {isa = PBXFileReference; fileEncoding = 4; lastKnownFileType = sourcecode.cpp.objcpp; path = Sources.mm; sourceTree = "<group>"; };
		FA01D2171D1B22B100B49E70 /* Substrate.hpp */ = {isa = PBXFileReference; fileEncoding = 4; lastKnownFileType = sourcecode.cpp.h; path = Substrate.hpp; sourceTree = "<group>"; };
		FA01D2181D1B22B100B49E70 /* Version.h */ = {isa = PBXFileReference; fileEncoding = 4; lastKnownFileType = sourcecode.c.h; path = Version.h; sourceTree = "<group>"; };
		FA01D2191D1B22B100B49E70 /* Version.mm */ = {isa = PBXFileReference; fileEncoding = 4; lastKnownFileType = sourcecode.cpp.objcpp; path = Version.mm; sourceTree = "<group>"; };
		FA0311671D1B2B3D008690CA /* CoreFoundation.framework */ = {isa = PBXFileReference; lastKnownFileType = wrapper.framework; name = CoreFoundation.framework; path = System/Library/Frameworks/CoreFoundation.framework; sourceTree = SDKROOT; };
		FA0311691D1B2B41008690CA /* CoreGraphics.framework */ = {isa = PBXFileReference; lastKnownFileType = wrapper.framework; name = CoreGraphics.framework; path = System/Library/Frameworks/CoreGraphics.framework; sourceTree = SDKROOT; };
		FA03116B1D1B2B46008690CA /* Foundation.framework */ = {isa = PBXFileReference; lastKnownFileType = wrapper.framework; name = Foundation.framework; path = System/Library/Frameworks/Foundation.framework; sourceTree = SDKROOT; };
		FA03116E1D1B2B4D008690CA /* SpringBoardServices.framework */ = {isa = PBXFileReference; lastKnownFileType = wrapper.framework; name = SpringBoardServices.framework; path = ../External/System/Library/PrivateFrameworks/SpringBoardServices.framework; sourceTree = "<group>"; };
		FA03116F1D1B2B4E008690CA /* WebCore.framework */ = {isa = PBXFileReference; lastKnownFileType = wrapper.framework; name = WebCore.framework; path = ../External/System/Library/PrivateFrameworks/WebCore.framework; sourceTree = "<group>"; };
		FA0311731D1B2B67008690CA /* SystemConfiguration.framework */ = {isa = PBXFileReference; lastKnownFileType = wrapper.framework; name = SystemConfiguration.framework; path = System/Library/Frameworks/SystemConfiguration.framework; sourceTree = SDKROOT; };
		FA0311751D1B2B6C008690CA /* WebKit.framework */ = {isa = PBXFileReference; lastKnownFileType = wrapper.framework; name = WebKit.framework; path = System/Library/Frameworks/WebKit.framework; sourceTree = SDKROOT; };
		FA0311771D1B2C0F008690CA /* libicucore.A.tbd */ = {isa = PBXFileReference; lastKnownFileType = "sourcecode.text-based-dylib-definition"; name = libicucore.A.tbd; path = Platforms/iPhoneOS.platform/Developer/SDKs/iPhoneOS.sdk/usr/lib/libicucore.A.tbd; sourceTree = DEVELOPER_DIR; };
		FA0311791D1B2C14008690CA /* libicucore.tbd */ = {isa = PBXFileReference; lastKnownFileType = "sourcecode.text-based-dylib-definition"; name = libicucore.tbd; path = Platforms/iPhoneOS.platform/Developer/SDKs/iPhoneOS.sdk/usr/lib/libicucore.tbd; sourceTree = DEVELOPER_DIR; };
		FA03117B1D1B2C78008690CA /* IOKit.framework */ = {isa = PBXFileReference; lastKnownFileType = wrapper.framework; name = IOKit.framework; path = Platforms/iPhoneOS.platform/Developer/SDKs/iPhoneOS.sdk/System/Library/Frameworks/IOKit.framework; sourceTree = DEVELOPER_DIR; };
		FA03117D1D1B2C80008690CA /* QuartzCore.framework */ = {isa = PBXFileReference; lastKnownFileType = wrapper.framework; name = QuartzCore.framework; path = System/Library/Frameworks/QuartzCore.framework; sourceTree = SDKROOT; };
		FA0311801D1B2CBD008690CA /* dispatchEvent.h */ = {isa = PBXFileReference; fileEncoding = 4; lastKnownFileType = sourcecode.c.h; path = dispatchEvent.h; sourceTree = "<group>"; };
		FA0311811D1B2CBD008690CA /* dispatchEvent.mm */ = {isa = PBXFileReference; fileEncoding = 4; lastKnownFileType = sourcecode.cpp.objcpp; path = dispatchEvent.mm; sourceTree = "<group>"; };
		FA0311821D1B2CBD008690CA /* IndirectDelegate.h */ = {isa = PBXFileReference; fileEncoding = 4; lastKnownFileType = sourcecode.c.h; path = IndirectDelegate.h; sourceTree = "<group>"; };
		FA0311831D1B2CBD008690CA /* InterfaceOrientation.h */ = {isa = PBXFileReference; fileEncoding = 4; lastKnownFileType = sourcecode.c.h; path = InterfaceOrientation.h; sourceTree = "<group>"; };
		FA0311841D1B2CBD008690CA /* Localize.h */ = {isa = PBXFileReference; fileEncoding = 4; lastKnownFileType = sourcecode.c.h; path = Localize.h; sourceTree = "<group>"; };
		FA0311851D1B2CBD008690CA /* MFMailComposeViewController-MailToURL.h */ = {isa = PBXFileReference; fileEncoding = 4; lastKnownFileType = sourcecode.c.h; path = "MFMailComposeViewController-MailToURL.h"; sourceTree = "<group>"; };
		FA0311861D1B2CBD008690CA /* MFMailComposeViewController-MailToURL.mm */ = {isa = PBXFileReference; fileEncoding = 4; lastKnownFileType = sourcecode.cpp.objcpp; path = "MFMailComposeViewController-MailToURL.mm"; sourceTree = "<group>"; };
		FA0311871D1B2CBD008690CA /* RegEx.hpp */ = {isa = PBXFileReference; fileEncoding = 4; lastKnownFileType = sourcecode.cpp.h; path = RegEx.hpp; sourceTree = "<group>"; };
		FA0311881D1B2CBD008690CA /* stringWithUTF8Bytes.h */ = {isa = PBXFileReference; fileEncoding = 4; lastKnownFileType = sourcecode.c.h; path = stringWithUTF8Bytes.h; sourceTree = "<group>"; };
		FA0311891D1B2CBD008690CA /* stringWithUTF8Bytes.mm */ = {isa = PBXFileReference; fileEncoding = 4; lastKnownFileType = sourcecode.cpp.objcpp; path = stringWithUTF8Bytes.mm; sourceTree = "<group>"; };
		FA03118A1D1B2CBD008690CA /* TabBarController.h */ = {isa = PBXFileReference; fileEncoding = 4; lastKnownFileType = sourcecode.c.h; path = TabBarController.h; sourceTree = "<group>"; };
		FA03118B1D1B2CBD008690CA /* TabBarController.mm */ = {isa = PBXFileReference; fileEncoding = 4; lastKnownFileType = sourcecode.cpp.objcpp; path = TabBarController.mm; sourceTree = "<group>"; };
		FA03118C1D1B2CBD008690CA /* TableViewCell.h */ = {isa = PBXFileReference; fileEncoding = 4; lastKnownFileType = sourcecode.c.h; path = TableViewCell.h; sourceTree = "<group>"; };
		FA03118D1D1B2CBD008690CA /* TableViewCell.mm */ = {isa = PBXFileReference; fileEncoding = 4; lastKnownFileType = sourcecode.cpp.objcpp; path = TableViewCell.mm; sourceTree = "<group>"; };
		FA03118E1D1B2CBD008690CA /* UCInternal.h */ = {isa = PBXFileReference; fileEncoding = 4; lastKnownFileType = sourcecode.c.h; path = UCInternal.h; sourceTree = "<group>"; };
		FA03118F1D1B2CBD008690CA /* UCPlatform.h */ = {isa = PBXFileReference; fileEncoding = 4; lastKnownFileType = sourcecode.c.h; path = UCPlatform.h; sourceTree = "<group>"; };
		FA0311901D1B2CBD008690CA /* ViewController.h */ = {isa = PBXFileReference; fileEncoding = 4; lastKnownFileType = sourcecode.c.h; path = ViewController.h; sourceTree = "<group>"; };
		FA0311911D1B2CBD008690CA /* ViewController.mm */ = {isa = PBXFileReference; fileEncoding = 4; lastKnownFileType = sourcecode.cpp.objcpp; path = ViewController.mm; sourceTree = "<group>"; };
		FA0311921D1B2CBD008690CA /* WebScriptObject-Cyte.h */ = {isa = PBXFileReference; fileEncoding = 4; lastKnownFileType = sourcecode.c.h; path = "WebScriptObject-Cyte.h"; sourceTree = "<group>"; };
		FA0311931D1B2CBD008690CA /* WebScriptObject-Cyte.mm */ = {isa = PBXFileReference; fileEncoding = 4; lastKnownFileType = sourcecode.cpp.objcpp; path = "WebScriptObject-Cyte.mm"; sourceTree = "<group>"; };
		FA0311941D1B2CBD008690CA /* WebThreadLocked.hpp */ = {isa = PBXFileReference; fileEncoding = 4; lastKnownFileType = sourcecode.cpp.h; path = WebThreadLocked.hpp; sourceTree = "<group>"; };
		FA0311951D1B2CBD008690CA /* WebView.h */ = {isa = PBXFileReference; fileEncoding = 4; lastKnownFileType = sourcecode.c.h; path = WebView.h; sourceTree = "<group>"; };
		FA0311961D1B2CBD008690CA /* WebView.mm */ = {isa = PBXFileReference; fileEncoding = 4; lastKnownFileType = sourcecode.cpp.objcpp; path = WebView.mm; sourceTree = "<group>"; };
		FA0311971D1B2CBD008690CA /* WebViewController.h */ = {isa = PBXFileReference; fileEncoding = 4; lastKnownFileType = sourcecode.c.h; path = WebViewController.h; sourceTree = "<group>"; };
		FA0311981D1B2CBD008690CA /* WebViewController.mm */ = {isa = PBXFileReference; fileEncoding = 4; lastKnownFileType = sourcecode.cpp.objcpp; path = WebViewController.mm; sourceTree = "<group>"; };
		FA0311991D1B2CBD008690CA /* WebViewTableViewCell.h */ = {isa = PBXFileReference; fileEncoding = 4; lastKnownFileType = sourcecode.c.h; path = WebViewTableViewCell.h; sourceTree = "<group>"; };
		FA03119A1D1B2CBD008690CA /* WebViewTableViewCell.mm */ = {isa = PBXFileReference; fileEncoding = 4; lastKnownFileType = sourcecode.cpp.objcpp; path = WebViewTableViewCell.mm; sourceTree = "<group>"; };
		FA03119C1D1B2CBD008690CA /* Function.h */ = {isa = PBXFileReference; fileEncoding = 4; lastKnownFileType = sourcecode.c.h; path = Function.h; sourceTree = "<group>"; };
		FA03119D1D1B2CBD008690CA /* invocationWithSelector.h */ = {isa = PBXFileReference; fileEncoding = 4; lastKnownFileType = sourcecode.c.h; path = invocationWithSelector.h; sourceTree = "<group>"; };
		FA03119E1D1B2CBD008690CA /* invocationWithSelector.mm */ = {isa = PBXFileReference; fileEncoding = 4; lastKnownFileType = sourcecode.cpp.objcpp; path = invocationWithSelector.mm; sourceTree = "<group>"; };
		FA03119F1D1B2CBD008690CA /* Menes.h */ = {isa = PBXFileReference; fileEncoding = 4; lastKnownFileType = sourcecode.c.h; path = Menes.h; sourceTree = "<group>"; };
		FA0311A01D1B2CBD008690CA /* ObjectHandle.h */ = {isa = PBXFileReference; fileEncoding = 4; lastKnownFileType = sourcecode.c.h; path = ObjectHandle.h; sourceTree = "<group>"; };
		FA0311A11D1B2CBD008690CA /* Pooling.hpp */ = {isa = PBXFileReference; fileEncoding = 4; lastKnownFileType = sourcecode.cpp.h; path = Pooling.hpp; sourceTree = "<group>"; };
		FA0311A21D1B2CBD008690CA /* radixSortWithSelector.h */ = {isa = PBXFileReference; fileEncoding = 4; lastKnownFileType = sourcecode.c.h; path = radixSortWithSelector.h; sourceTree = "<group>"; };
		FA0311A31D1B2CBD008690CA /* radixSortWithSelector.mm */ = {isa = PBXFileReference; fileEncoding = 4; lastKnownFileType = sourcecode.cpp.objcpp; path = radixSortWithSelector.mm; sourceTree = "<group>"; };
		FA0311A41D1B2CBD008690CA /* yieldToSelector.h */ = {isa = PBXFileReference; fileEncoding = 4; lastKnownFileType = sourcecode.c.h; path = yieldToSelector.h; sourceTree = "<group>"; };
		FA0311A51D1B2CBD008690CA /* yieldToSelector.mm */ = {isa = PBXFileReference; fileEncoding = 4; lastKnownFileType = sourcecode.cpp.objcpp; path = yieldToSelector.mm; sourceTree = "<group>"; };
		FA0311B41D1B2CDE008690CA /* SDURLCache.h */ = {isa = PBXFileReference; fileEncoding = 4; lastKnownFileType = sourcecode.c.h; path = SDURLCache.h; sourceTree = "<group>"; };
		FA0311B51D1B2CDE008690CA /* SDURLCache.m */ = {isa = PBXFileReference; fileEncoding = 4; lastKnownFileType = sourcecode.c.objc; path = SDURLCache.m; sourceTree = "<group>"; };
		FA0311B81D1B2CFD008690CA /* LoadingView.h */ = {isa = PBXFileReference; fileEncoding = 4; lastKnownFileType = sourcecode.c.h; path = LoadingView.h; sourceTree = "<group>"; };
		FA0311B91D1B2CFD008690CA /* LoadingView.mm */ = {isa = PBXFileReference; fileEncoding = 4; lastKnownFileType = sourcecode.cpp.objcpp; path = LoadingView.mm; sourceTree = "<group>"; };
		FA0311BA1D1B2CFD008690CA /* LoadingViewController.h */ = {isa = PBXFileReference; fileEncoding = 4; lastKnownFileType = sourcecode.c.h; path = LoadingViewController.h; sourceTree = "<group>"; };
		FA0311BB1D1B2CFD008690CA /* LoadingViewController.mm */ = {isa = PBXFileReference; fileEncoding = 4; lastKnownFileType = sourcecode.cpp.objcpp; path = LoadingViewController.mm; sourceTree = "<group>"; };
		FA0311BC1D1B2CFD008690CA /* MIMEAddress.h */ = {isa = PBXFileReference; fileEncoding = 4; lastKnownFileType = sourcecode.c.h; path = MIMEAddress.h; sourceTree = "<group>"; };
		FA0311BD1D1B2CFD008690CA /* MIMEAddress.mm */ = {isa = PBXFileReference; fileEncoding = 4; lastKnownFileType = sourcecode.cpp.objcpp; path = MIMEAddress.mm; sourceTree = "<group>"; };
		FA0311BE1D1B2CFD008690CA /* ProgressEvent.h */ = {isa = PBXFileReference; fileEncoding = 4; lastKnownFileType = sourcecode.c.h; path = ProgressEvent.h; sourceTree = "<group>"; };
		FA0311C21D1B300E008690CA /* UIKit.framework */ = {isa = PBXFileReference; lastKnownFileType = wrapper.framework; name = UIKit.framework; path = System/Library/Frameworks/UIKit.framework; sourceTree = SDKROOT; };
		FA28E70A1D1B21A5003D3724 /* Cydia.app */ = {isa = PBXFileReference; explicitFileType = wrapper.application; includeInIndex = 0; path = Cydia.app; sourceTree = BUILT_PRODUCTS_DIR; };
		FA28E7171D1B21A5003D3724 /* Base */ = {isa = PBXFileReference; lastKnownFileType = file.storyboard; name = Base; path = Base.lproj/Main.storyboard; sourceTree = "<group>"; };
		FA28E7191D1B21A5003D3724 /* Assets.xcassets */ = {isa = PBXFileReference; lastKnownFileType = folder.assetcatalog; path = Assets.xcassets; sourceTree = "<group>"; };
		FA28E71C1D1B21A5003D3724 /* Base */ = {isa = PBXFileReference; lastKnownFileType = file.storyboard; name = Base; path = Base.lproj/LaunchScreen.storyboard; sourceTree = "<group>"; };
		FA28E71E1D1B21A5003D3724 /* Info.plist */ = {isa = PBXFileReference; lastKnownFileType = text.plist.xml; path = Info.plist; sourceTree = "<group>"; };
		FA6C862C1D749C8100FB99CF /* UIWebDocumentView+BugFixes.mm */ = {isa = PBXFileReference; fileEncoding = 4; lastKnownFileType = sourcecode.cpp.objcpp; path = "UIWebDocumentView+BugFixes.mm"; sourceTree = "<group>"; };
		FA6C862E1D749D1D00FB99CF /* CyteKit.h */ = {isa = PBXFileReference; lastKnownFileType = sourcecode.c.h; path = CyteKit.h; sourceTree = "<group>"; };
		FA6C862F1D749D4700FB99CF /* Apt.h */ = {isa = PBXFileReference; lastKnownFileType = sourcecode.c.h; path = Apt.h; sourceTree = "<group>"; };
		FA6C86311D74A97100FB99CF /* NSString+Cydia.hpp */ = {isa = PBXFileReference; fileEncoding = 4; lastKnownFileType = sourcecode.cpp.h; path = "NSString+Cydia.hpp"; sourceTree = "<group>"; };
		FA6C86321D74A97100FB99CF /* NSString+Cydia.mm */ = {isa = PBXFileReference; fileEncoding = 4; lastKnownFileType = sourcecode.cpp.objcpp; path = "NSString+Cydia.mm"; sourceTree = "<group>"; };
		FA6C86361D74AA1900FB99CF /* CYString.hpp */ = {isa = PBXFileReference; fileEncoding = 4; lastKnownFileType = sourcecode.cpp.h; path = CYString.hpp; sourceTree = "<group>"; };
		FA6C863B1D74ABC700FB99CF /* CYColor.hpp */ = {isa = PBXFileReference; lastKnownFileType = sourcecode.cpp.h; path = CYColor.hpp; sourceTree = "<group>"; };
		FA6C863D1D74AC3000FB99CF /* DisplayHelpers.hpp */ = {isa = PBXFileReference; lastKnownFileType = sourcecode.cpp.h; path = DisplayHelpers.hpp; sourceTree = "<group>"; };
		FA6C863E1D74AC6E00FB99CF /* DisplayHelpers.mm */ = {isa = PBXFileReference; fileEncoding = 4; lastKnownFileType = sourcecode.cpp.objcpp; path = DisplayHelpers.mm; sourceTree = "<group>"; };
		FA6C86411D74ADC100FB99CF /* UIGlobals.h */ = {isa = PBXFileReference; lastKnownFileType = sourcecode.c.h; path = UIGlobals.h; sourceTree = "<group>"; };
		FA6C86421D74AF5600FB99CF /* Unicode.h */ = {isa = PBXFileReference; lastKnownFileType = sourcecode.c.h; path = Unicode.h; sourceTree = "<group>"; };
		FA6C86431D74AF6400FB99CF /* Standard.h */ = {isa = PBXFileReference; lastKnownFileType = sourcecode.c.h; path = Standard.h; sourceTree = "<group>"; };
		FA6C86451D74B04F00FB99CF /* CFArray+Sort.h */ = {isa = PBXFileReference; fileEncoding = 4; lastKnownFileType = sourcecode.c.h; path = "CFArray+Sort.h"; sourceTree = "<group>"; };
		FA6C86461D74B04F00FB99CF /* CFArray+Sort.mm */ = {isa = PBXFileReference; fileEncoding = 4; lastKnownFileType = sourcecode.cpp.objcpp; path = "CFArray+Sort.mm"; sourceTree = "<group>"; };
		FA6C86481D74B0B900FB99CF /* Flags.h */ = {isa = PBXFileReference; lastKnownFileType = sourcecode.c.h; path = Flags.h; sourceTree = "<group>"; };
		FA6D8CA81D746C0800283EDB /* Reachability.h */ = {isa = PBXFileReference; fileEncoding = 4; lastKnownFileType = sourcecode.c.h; path = Reachability.h; sourceTree = "<group>"; };
		FA6D8CA91D746C0800283EDB /* Reachability.mm */ = {isa = PBXFileReference; fileEncoding = 4; lastKnownFileType = sourcecode.cpp.objcpp; path = Reachability.mm; sourceTree = "<group>"; };
		FA6D8CAC1D74812500283EDB /* Profiling.hpp */ = {isa = PBXFileReference; fileEncoding = 4; lastKnownFileType = sourcecode.cpp.h; path = Profiling.hpp; sourceTree = "<group>"; };
		FA6D8CAD1D74812500283EDB /* Profiling.mm */ = {isa = PBXFileReference; fileEncoding = 4; lastKnownFileType = sourcecode.cpp.objcpp; path = Profiling.mm; sourceTree = "<group>"; };
		FA9073F81D74554300BA0D1D /* libapt-inst.tbd */ = {isa = PBXFileReference; lastKnownFileType = "sourcecode.text-based-dylib-definition"; name = "libapt-inst.tbd"; path = "../External/usr/lib/libapt-inst.tbd"; sourceTree = "<group>"; };
		FA9073FA1D7455D800BA0D1D /* libapt-pkg.tbd */ = {isa = PBXFileReference; lastKnownFileType = "sourcecode.text-based-dylib-definition"; name = "libapt-pkg.tbd"; path = "../External/usr/lib/libapt-pkg.tbd"; sourceTree = "<group>"; };
		FA9073FC1D7456A900BA0D1D /* GraphicsServices.framework */ = {isa = PBXFileReference; lastKnownFileType = wrapper.framework; name = GraphicsServices.framework; path = ../External/System/Library/PrivateFrameworks/GraphicsServices.framework; sourceTree = "<group>"; };
		FAA811AE1D745FF700C674C9 /* main.mm */ = {isa = PBXFileReference; fileEncoding = 4; lastKnownFileType = sourcecode.cpp.objcpp; path = main.mm; sourceTree = "<group>"; };
		FAA811B01D74664600C674C9 /* AppDelegate.h */ = {isa = PBXFileReference; fileEncoding = 4; lastKnownFileType = sourcecode.c.h; path = AppDelegate.h; sourceTree = "<group>"; };
		FAA811B11D74664600C674C9 /* AppDelegate.mm */ = {isa = PBXFileReference; fileEncoding = 4; lastKnownFileType = sourcecode.cpp.objcpp; path = AppDelegate.mm; sourceTree = "<group>"; };
		FAA811B41D74669600C674C9 /* Prefix.pch */ = {isa = PBXFileReference; lastKnownFileType = sourcecode.c.h; path = Prefix.pch; sourceTree = "<group>"; };
/* End PBXFileReference section */

/* Begin PBXFrameworksBuildPhase section */
		FA28E7071D1B21A5003D3724 /* Frameworks */ = {
			isa = PBXFrameworksBuildPhase;
			buildActionMask = 2147483647;
			files = (
				FA0311C31D1B300E008690CA /* UIKit.framework in Frameworks */,
				FA03117E1D1B2C80008690CA /* QuartzCore.framework in Frameworks */,
				FA9073FD1D7456A900BA0D1D /* GraphicsServices.framework in Frameworks */,
				FA0311761D1B2B6C008690CA /* WebKit.framework in Frameworks */,
				FA0311741D1B2B67008690CA /* SystemConfiguration.framework in Frameworks */,
				FA03116C1D1B2B46008690CA /* Foundation.framework in Frameworks */,
				FA03116A1D1B2B41008690CA /* CoreGraphics.framework in Frameworks */,
				FA0311681D1B2B3D008690CA /* CoreFoundation.framework in Frameworks */,
				FA0311711D1B2B4E008690CA /* SpringBoardServices.framework in Frameworks */,
				FA0311721D1B2B4E008690CA /* WebCore.framework in Frameworks */,
				FA03117C1D1B2C78008690CA /* IOKit.framework in Frameworks */,
				FA03117A1D1B2C14008690CA /* libicucore.tbd in Frameworks */,
				FA9073F91D74554300BA0D1D /* libapt-inst.tbd in Frameworks */,
				FA9073FB1D7455D800BA0D1D /* libapt-pkg.tbd in Frameworks */,
			);
			runOnlyForDeploymentPostprocessing = 0;
		};
/* End PBXFrameworksBuildPhase section */

/* Begin PBXGroup section */
		FA01D20B1D1B229200B49E70 /* Old Source */ = {
			isa = PBXGroup;
			children = (
				FA0311B71D1B2CFD008690CA /* Cydia */,
				FA0311B31D1B2CCC008690CA /* SDURLCache */,
				FA03117F1D1B2CBD008690CA /* CyteKit */,
				FA03119B1D1B2CBD008690CA /* Menes */,
				FA01D20C1D1B22B100B49E70 /* cfversion.mm */,
				FA01D20D1D1B22B100B49E70 /* cydo.cpp */,
				FA01D20E1D1B22B100B49E70 /* Cytore.hpp */,
				FA01D20F1D1B22B100B49E70 /* DiskUsage.cpp */,
				FA01D2101D1B22B100B49E70 /* iPhonePrivate.h */,
				FA01D2111D1B22B100B49E70 /* lookup3.c */,
				FA01D2121D1B22B100B49E70 /* MobileCydia.mm */,
				FA01D2131D1B22B100B49E70 /* postinst.mm */,
				FA01D2141D1B22B100B49E70 /* setnsfpn.cpp */,
				FA01D2151D1B22B100B49E70 /* Sources.h */,
				FA01D2161D1B22B100B49E70 /* Sources.mm */,
				FA01D2171D1B22B100B49E70 /* Substrate.hpp */,
				FA01D2181D1B22B100B49E70 /* Version.h */,
				FA01D2191D1B22B100B49E70 /* Version.mm */,
			);
			name = "Old Source";
			sourceTree = "<group>";
		};
		FA03117F1D1B2CBD008690CA /* CyteKit */ = {
			isa = PBXGroup;
			children = (
				FA0311801D1B2CBD008690CA /* dispatchEvent.h */,
				FA0311811D1B2CBD008690CA /* dispatchEvent.mm */,
				FA0311821D1B2CBD008690CA /* IndirectDelegate.h */,
				FA0311831D1B2CBD008690CA /* InterfaceOrientation.h */,
				FA0311841D1B2CBD008690CA /* Localize.h */,
				FA0311851D1B2CBD008690CA /* MFMailComposeViewController-MailToURL.h */,
				FA0311861D1B2CBD008690CA /* MFMailComposeViewController-MailToURL.mm */,
				FA0311871D1B2CBD008690CA /* RegEx.hpp */,
				FA0311881D1B2CBD008690CA /* stringWithUTF8Bytes.h */,
				FA0311891D1B2CBD008690CA /* stringWithUTF8Bytes.mm */,
				FA03118A1D1B2CBD008690CA /* TabBarController.h */,
				FA03118B1D1B2CBD008690CA /* TabBarController.mm */,
				FA03118C1D1B2CBD008690CA /* TableViewCell.h */,
				FA03118D1D1B2CBD008690CA /* TableViewCell.mm */,
				FA03118E1D1B2CBD008690CA /* UCInternal.h */,
				FA03118F1D1B2CBD008690CA /* UCPlatform.h */,
				FA0311901D1B2CBD008690CA /* ViewController.h */,
				FA0311911D1B2CBD008690CA /* ViewController.mm */,
				FA0311921D1B2CBD008690CA /* WebScriptObject-Cyte.h */,
				FA0311931D1B2CBD008690CA /* WebScriptObject-Cyte.mm */,
				FA0311941D1B2CBD008690CA /* WebThreadLocked.hpp */,
				FA0311951D1B2CBD008690CA /* WebView.h */,
				FA0311961D1B2CBD008690CA /* WebView.mm */,
				FA0311971D1B2CBD008690CA /* WebViewController.h */,
				FA0311981D1B2CBD008690CA /* WebViewController.mm */,
				FA0311991D1B2CBD008690CA /* WebViewTableViewCell.h */,
				FA03119A1D1B2CBD008690CA /* WebViewTableViewCell.mm */,
			);
			path = CyteKit;
			sourceTree = "<group>";
		};
		FA03119B1D1B2CBD008690CA /* Menes */ = {
			isa = PBXGroup;
			children = (
				FA03119C1D1B2CBD008690CA /* Function.h */,
				FA03119D1D1B2CBD008690CA /* invocationWithSelector.h */,
				FA03119E1D1B2CBD008690CA /* invocationWithSelector.mm */,
				FA03119F1D1B2CBD008690CA /* Menes.h */,
				FA0311A01D1B2CBD008690CA /* ObjectHandle.h */,
				FA0311A11D1B2CBD008690CA /* Pooling.hpp */,
				FA0311A21D1B2CBD008690CA /* radixSortWithSelector.h */,
				FA0311A31D1B2CBD008690CA /* radixSortWithSelector.mm */,
				FA0311A41D1B2CBD008690CA /* yieldToSelector.h */,
				FA0311A51D1B2CBD008690CA /* yieldToSelector.mm */,
			);
			path = Menes;
			sourceTree = "<group>";
		};
		FA0311B31D1B2CCC008690CA /* SDURLCache */ = {
			isa = PBXGroup;
			children = (
				FA0311B41D1B2CDE008690CA /* SDURLCache.h */,
				FA0311B51D1B2CDE008690CA /* SDURLCache.m */,
			);
			path = SDURLCache;
			sourceTree = "<group>";
		};
		FA0311B71D1B2CFD008690CA /* Cydia */ = {
			isa = PBXGroup;
			children = (
				FA0311B81D1B2CFD008690CA /* LoadingView.h */,
				FA0311B91D1B2CFD008690CA /* LoadingView.mm */,
				FA0311BA1D1B2CFD008690CA /* LoadingViewController.h */,
				FA0311BB1D1B2CFD008690CA /* LoadingViewController.mm */,
				FA0311BC1D1B2CFD008690CA /* MIMEAddress.h */,
				FA0311BD1D1B2CFD008690CA /* MIMEAddress.mm */,
				FA0311BE1D1B2CFD008690CA /* ProgressEvent.h */,
			);
			path = Cydia;
			sourceTree = "<group>";
		};
		FA0311C41D1B5BBA008690CA /* Frameworks & Libraries */ = {
			isa = PBXGroup;
			children = (
				FA9073FC1D7456A900BA0D1D /* GraphicsServices.framework */,
				FA0311C21D1B300E008690CA /* UIKit.framework */,
				FA03117D1D1B2C80008690CA /* QuartzCore.framework */,
				FA03117B1D1B2C78008690CA /* IOKit.framework */,
				FA0311751D1B2B6C008690CA /* WebKit.framework */,
				FA0311731D1B2B67008690CA /* SystemConfiguration.framework */,
				FA03116E1D1B2B4D008690CA /* SpringBoardServices.framework */,
				FA03116F1D1B2B4E008690CA /* WebCore.framework */,
				FA03116B1D1B2B46008690CA /* Foundation.framework */,
				FA0311691D1B2B41008690CA /* CoreGraphics.framework */,
				FA0311671D1B2B3D008690CA /* CoreFoundation.framework */,
				FA9073F81D74554300BA0D1D /* libapt-inst.tbd */,
				FA9073FA1D7455D800BA0D1D /* libapt-pkg.tbd */,
				FA0311791D1B2C14008690CA /* libicucore.tbd */,
				FA0311771D1B2C0F008690CA /* libicucore.A.tbd */,
			);
			name = "Frameworks & Libraries";
			sourceTree = "<group>";
		};
		FA28E7011D1B21A5003D3724 = {
			isa = PBXGroup;
			children = (
				FA0311C41D1B5BBA008690CA /* Frameworks & Libraries */,
				FA28E7241D1B21C7003D3724 /* Project Root */,
				FA28E70C1D1B21A5003D3724 /* Cydia */,
				FA28E70B1D1B21A5003D3724 /* Products */,
			);
			sourceTree = "<group>";
		};
		FA28E70B1D1B21A5003D3724 /* Products */ = {
			isa = PBXGroup;
			children = (
				FA28E70A1D1B21A5003D3724 /* Cydia.app */,
			);
			name = Products;
			sourceTree = "<group>";
		};
		FA28E70C1D1B21A5003D3724 /* Cydia */ = {
			isa = PBXGroup;
			children = (
				FA28E7161D1B21A5003D3724 /* Main.storyboard */,
				FA28E7191D1B21A5003D3724 /* Assets.xcassets */,
				FA28E71B1D1B21A5003D3724 /* LaunchScreen.storyboard */,
				FA28E71E1D1B21A5003D3724 /* Info.plist */,
			);
			path = Cydia;
			sourceTree = "<group>";
		};
		FA28E7241D1B21C7003D3724 /* Project Root */ = {
			isa = PBXGroup;
			children = (
				FAA811AB1D745FD100C674C9 /* Source */,
				FA01D20B1D1B229200B49E70 /* Old Source */,
			);
			name = "Project Root";
			path = ..;
			sourceTree = "<group>";
		};
		FA6C86291D749C5300FB99CF /* Categories */ = {
			isa = PBXGroup;
			children = (
				FA6C86301D74A95500FB99CF /* String */,
				FA6C862A1D749C6600FB99CF /* Bug Fixes */,
			);
			path = Categories;
			sourceTree = "<group>";
		};
		FA6C862A1D749C6600FB99CF /* Bug Fixes */ = {
			isa = PBXGroup;
			children = (
				FA6C862C1D749C8100FB99CF /* UIWebDocumentView+BugFixes.mm */,
			);
			path = "Bug Fixes";
			sourceTree = "<group>";
		};
		FA6C86301D74A95500FB99CF /* String */ = {
			isa = PBXGroup;
			children = (
				FA6C86311D74A97100FB99CF /* NSString+Cydia.hpp */,
				FA6C86321D74A97100FB99CF /* NSString+Cydia.mm */,
			);
			path = String;
			sourceTree = "<group>";
		};
		FA6C86351D74A9E600FB99CF /* String */ = {
			isa = PBXGroup;
			children = (
				FA6C86361D74AA1900FB99CF /* CYString.hpp */,
			);
			path = String;
			sourceTree = "<group>";
		};
		FA6C863A1D74ABA500FB99CF /* CoreGraphics */ = {
			isa = PBXGroup;
			children = (
				FA6C863B1D74ABC700FB99CF /* CYColor.hpp */,
			);
			path = CoreGraphics;
			sourceTree = "<group>";
		};
		FA6C863C1D74AC1A00FB99CF /* UI */ = {
			isa = PBXGroup;
			children = (
				FA6C863D1D74AC3000FB99CF /* DisplayHelpers.hpp */,
				FA6C863E1D74AC6E00FB99CF /* DisplayHelpers.mm */,
			);
			path = UI;
			sourceTree = "<group>";
		};
		FA6C86401D74ADAD00FB99CF /* Globals */ = {
			isa = PBXGroup;
			children = (
				FA6C86411D74ADC100FB99CF /* UIGlobals.h */,
				FA6C86481D74B0B900FB99CF /* Flags.h */,
			);
			path = Globals;
			sourceTree = "<group>";
		};
		FA6C86441D74B02500FB99CF /* Collections */ = {
			isa = PBXGroup;
			children = (
				FA6C86451D74B04F00FB99CF /* CFArray+Sort.h */,
				FA6C86461D74B04F00FB99CF /* CFArray+Sort.mm */,
			);
			name = Collections;
			sourceTree = "<group>";
		};
		FA6D8CA31D746B6B00283EDB /* UI */ = {
			isa = PBXGroup;
			children = (
			);
			path = UI;
			sourceTree = "<group>";
		};
		FA6D8CA41D746B7F00283EDB /* Controllers */ = {
			isa = PBXGroup;
			children = (
			);
			path = Controllers;
			sourceTree = "<group>";
		};
		FA6D8CA51D746BA000283EDB /* Models */ = {
			isa = PBXGroup;
			children = (
				FA6C863A1D74ABA500FB99CF /* CoreGraphics */,
				FA6C86351D74A9E600FB99CF /* String */,
			);
			path = Models;
			sourceTree = "<group>";
		};
		FA6D8CA61D746BB300283EDB /* Utilities */ = {
			isa = PBXGroup;
			children = (
				FA6C86441D74B02500FB99CF /* Collections */,
				FA6C863C1D74AC1A00FB99CF /* UI */,
				FA6D8CAB1D74810200283EDB /* Debugging */,
				FA6D8CA71D746BC500283EDB /* Network */,
			);
			path = Utilities;
			sourceTree = "<group>";
		};
		FA6D8CA71D746BC500283EDB /* Network */ = {
			isa = PBXGroup;
			children = (
				FA6D8CA81D746C0800283EDB /* Reachability.h */,
				FA6D8CA91D746C0800283EDB /* Reachability.mm */,
			);
			path = Network;
			sourceTree = "<group>";
		};
		FA6D8CAB1D74810200283EDB /* Debugging */ = {
			isa = PBXGroup;
			children = (
				FA6D8CAC1D74812500283EDB /* Profiling.hpp */,
				FA6D8CAD1D74812500283EDB /* Profiling.mm */,
			);
			path = Debugging;
			sourceTree = "<group>";
		};
		FAA811AB1D745FD100C674C9 /* Source */ = {
			isa = PBXGroup;
			children = (
				FA6C86401D74ADAD00FB99CF /* Globals */,
				FA6C86291D749C5300FB99CF /* Categories */,
				FAA811B31D74667B00C674C9 /* Headers */,
				FAA811AC1D745FDB00C674C9 /* Application */,
				FA6D8CA41D746B7F00283EDB /* Controllers */,
				FA6D8CA51D746BA000283EDB /* Models */,
				FA6D8CA31D746B6B00283EDB /* UI */,
				FA6D8CA61D746BB300283EDB /* Utilities */,
			);
			path = Source;
			sourceTree = "<group>";
		};
		FAA811AC1D745FDB00C674C9 /* Application */ = {
			isa = PBXGroup;
			children = (
				FAA811AE1D745FF700C674C9 /* main.mm */,
				FAA811B01D74664600C674C9 /* AppDelegate.h */,
				FAA811B11D74664600C674C9 /* AppDelegate.mm */,
			);
			path = Application;
			sourceTree = "<group>";
		};
		FAA811B31D74667B00C674C9 /* Headers */ = {
			isa = PBXGroup;
			children = (
				FAA811B41D74669600C674C9 /* Prefix.pch */,
				FA6C862E1D749D1D00FB99CF /* CyteKit.h */,
				FA6C862F1D749D4700FB99CF /* Apt.h */,
				FA6C86421D74AF5600FB99CF /* Unicode.h */,
				FA6C86431D74AF6400FB99CF /* Standard.h */,
			);
			path = Headers;
			sourceTree = "<group>";
		};
/* End PBXGroup section */

/* Begin PBXNativeTarget section */
		FA28E7091D1B21A5003D3724 /* Cydia */ = {
			isa = PBXNativeTarget;
			buildConfigurationList = FA28E7211D1B21A5003D3724 /* Build configuration list for PBXNativeTarget "Cydia" */;
			buildPhases = (
				FA28E7061D1B21A5003D3724 /* Sources */,
				FA28E7071D1B21A5003D3724 /* Frameworks */,
				FA28E7081D1B21A5003D3724 /* Resources */,
			);
			buildRules = (
			);
			dependencies = (
			);
			name = Cydia;
			productName = Cydia;
			productReference = FA28E70A1D1B21A5003D3724 /* Cydia.app */;
			productType = "com.apple.product-type.application";
		};
/* End PBXNativeTarget section */

/* Begin PBXProject section */
		FA28E7021D1B21A5003D3724 /* Project object */ = {
			isa = PBXProject;
			attributes = {
				LastUpgradeCheck = 0730;
				ORGANIZATIONNAME = Cydia;
				TargetAttributes = {
					FA28E7091D1B21A5003D3724 = {
						CreatedOnToolsVersion = 7.3.1;
					};
				};
			};
			buildConfigurationList = FA28E7051D1B21A5003D3724 /* Build configuration list for PBXProject "Cydia" */;
			compatibilityVersion = "Xcode 3.2";
			developmentRegion = English;
			hasScannedForEncodings = 0;
			knownRegions = (
				en,
				Base,
			);
			mainGroup = FA28E7011D1B21A5003D3724;
			productRefGroup = FA28E70B1D1B21A5003D3724 /* Products */;
			projectDirPath = "";
			projectRoot = "";
			targets = (
				FA28E7091D1B21A5003D3724 /* Cydia */,
			);
		};
/* End PBXProject section */

/* Begin PBXResourcesBuildPhase section */
		FA28E7081D1B21A5003D3724 /* Resources */ = {
			isa = PBXResourcesBuildPhase;
			buildActionMask = 2147483647;
			files = (
				FA28E71D1D1B21A5003D3724 /* LaunchScreen.storyboard in Resources */,
				FA28E71A1D1B21A5003D3724 /* Assets.xcassets in Resources */,
				FA28E7181D1B21A5003D3724 /* Main.storyboard in Resources */,
			);
			runOnlyForDeploymentPostprocessing = 0;
		};
/* End PBXResourcesBuildPhase section */

/* Begin PBXSourcesBuildPhase section */
		FA28E7061D1B21A5003D3724 /* Sources */ = {
			isa = PBXSourcesBuildPhase;
			buildActionMask = 2147483647;
			files = (
				FA0311AA1D1B2CBD008690CA /* TableViewCell.mm in Sources */,
				FA01D21E1D1B22B100B49E70 /* MobileCydia.mm in Sources */,
				FA0311BF1D1B2CFD008690CA /* LoadingView.mm in Sources */,
				FA01D2211D1B22B100B49E70 /* Sources.mm in Sources */,
				FA0311A91D1B2CBD008690CA /* TabBarController.mm in Sources */,
				FA0311A81D1B2CBD008690CA /* stringWithUTF8Bytes.mm in Sources */,
				FA0311C11D1B2CFD008690CA /* MIMEAddress.mm in Sources */,
				FA0311AC1D1B2CBD008690CA /* WebScriptObject-Cyte.mm in Sources */,
				FA01D2221D1B22B100B49E70 /* Version.mm in Sources */,
				FA0311AB1D1B2CBD008690CA /* ViewController.mm in Sources */,
				FA6D8CAE1D74812500283EDB /* Profiling.mm in Sources */,
				FAA811B21D74664600C674C9 /* AppDelegate.mm in Sources */,
				FAA811AF1D745FF700C674C9 /* main.mm in Sources */,
				FA0311AE1D1B2CBD008690CA /* WebViewController.mm in Sources */,
				FA6D8CAA1D746C0800283EDB /* Reachability.mm in Sources */,
				FA0311B21D1B2CBD008690CA /* yieldToSelector.mm in Sources */,
				FA0311B01D1B2CBD008690CA /* invocationWithSelector.mm in Sources */,
				FA6C863F1D74AC6E00FB99CF /* DisplayHelpers.mm in Sources */,
				FA6C86471D74B04F00FB99CF /* CFArray+Sort.mm in Sources */,
				FA01D21C1D1B22B100B49E70 /* DiskUsage.cpp in Sources */,
				FA6C86331D74A97100FB99CF /* NSString+Cydia.mm in Sources */,
				FA0311AD1D1B2CBD008690CA /* WebView.mm in Sources */,
				FA0311AF1D1B2CBD008690CA /* WebViewTableViewCell.mm in Sources */,
				FA0311A61D1B2CBD008690CA /* dispatchEvent.mm in Sources */,
				FA0311A71D1B2CBD008690CA /* MFMailComposeViewController-MailToURL.mm in Sources */,
				FA01D21D1D1B22B100B49E70 /* lookup3.c in Sources */,
				FA0311B61D1B2CDE008690CA /* SDURLCache.m in Sources */,
				FA6C862D1D749C8100FB99CF /* UIWebDocumentView+BugFixes.mm in Sources */,
				FA0311B11D1B2CBD008690CA /* radixSortWithSelector.mm in Sources */,
				FA0311C01D1B2CFD008690CA /* LoadingViewController.mm in Sources */,
			);
			runOnlyForDeploymentPostprocessing = 0;
		};
/* End PBXSourcesBuildPhase section */

/* Begin PBXVariantGroup section */
		FA28E7161D1B21A5003D3724 /* Main.storyboard */ = {
			isa = PBXVariantGroup;
			children = (
				FA28E7171D1B21A5003D3724 /* Base */,
			);
			name = Main.storyboard;
			sourceTree = "<group>";
		};
		FA28E71B1D1B21A5003D3724 /* LaunchScreen.storyboard */ = {
			isa = PBXVariantGroup;
			children = (
				FA28E71C1D1B21A5003D3724 /* Base */,
			);
			name = LaunchScreen.storyboard;
			sourceTree = "<group>";
		};
/* End PBXVariantGroup section */

/* Begin XCBuildConfiguration section */
		FA28E71F1D1B21A5003D3724 /* Debug */ = {
			isa = XCBuildConfiguration;
			buildSettings = {
				ALWAYS_SEARCH_USER_PATHS = NO;
				CLANG_ANALYZER_NONNULL = YES;
				CLANG_CXX_LANGUAGE_STANDARD = "gnu++0x";
				CLANG_CXX_LIBRARY = "libc++";
				CLANG_ENABLE_MODULES = YES;
				CLANG_ENABLE_OBJC_ARC = YES;
				CLANG_WARN_BOOL_CONVERSION = YES;
				CLANG_WARN_CONSTANT_CONVERSION = YES;
				CLANG_WARN_DIRECT_OBJC_ISA_USAGE = YES_ERROR;
				CLANG_WARN_EMPTY_BODY = YES;
				CLANG_WARN_ENUM_CONVERSION = YES;
				CLANG_WARN_INT_CONVERSION = YES;
				CLANG_WARN_OBJC_ROOT_CLASS = YES_ERROR;
				CLANG_WARN_UNREACHABLE_CODE = YES;
				CLANG_WARN__DUPLICATE_METHOD_MATCH = YES;
				"CODE_SIGN_IDENTITY[sdk=iphoneos*]" = "iPhone Developer";
				COPY_PHASE_STRIP = NO;
				DEBUG_INFORMATION_FORMAT = dwarf;
				ENABLE_BITCODE = NO;
				ENABLE_STRICT_OBJC_MSGSEND = YES;
				ENABLE_TESTABILITY = YES;
				GCC_C_LANGUAGE_STANDARD = gnu99;
				GCC_DYNAMIC_NO_PIC = YES;
				GCC_NO_COMMON_BLOCKS = YES;
				GCC_OPTIMIZATION_LEVEL = 0;
				GCC_PREPROCESSOR_DEFINITIONS = (
					"DEBUG=1",
					"$(inherited)",
				);
				GCC_WARN_64_TO_32_BIT_CONVERSION = YES;
				GCC_WARN_ABOUT_RETURN_TYPE = YES_ERROR;
				GCC_WARN_UNDECLARED_SELECTOR = YES;
				GCC_WARN_UNINITIALIZED_AUTOS = YES_AGGRESSIVE;
				GCC_WARN_UNUSED_FUNCTION = YES;
				GCC_WARN_UNUSED_VARIABLE = YES;
				IPHONEOS_DEPLOYMENT_TARGET = 2.0;
				"IPHONEOS_DEPLOYMENT_TARGET[arch=i386]" = 2.0;
				"IPHONEOS_DEPLOYMENT_TARGET[arch=x86_64]" = 2.0;
				LD_NO_PIE = YES;
				MTL_ENABLE_DEBUG_INFO = YES;
				ONLY_ACTIVE_ARCH = YES;
				SDKROOT = iphoneos;
			};
			name = Debug;
		};
		FA28E7201D1B21A5003D3724 /* Release */ = {
			isa = XCBuildConfiguration;
			buildSettings = {
				ALWAYS_SEARCH_USER_PATHS = NO;
				CLANG_ANALYZER_NONNULL = YES;
				CLANG_CXX_LANGUAGE_STANDARD = "gnu++0x";
				CLANG_CXX_LIBRARY = "libc++";
				CLANG_ENABLE_MODULES = YES;
				CLANG_ENABLE_OBJC_ARC = YES;
				CLANG_WARN_BOOL_CONVERSION = YES;
				CLANG_WARN_CONSTANT_CONVERSION = YES;
				CLANG_WARN_DIRECT_OBJC_ISA_USAGE = YES_ERROR;
				CLANG_WARN_EMPTY_BODY = YES;
				CLANG_WARN_ENUM_CONVERSION = YES;
				CLANG_WARN_INT_CONVERSION = YES;
				CLANG_WARN_OBJC_ROOT_CLASS = YES_ERROR;
				CLANG_WARN_UNREACHABLE_CODE = YES;
				CLANG_WARN__DUPLICATE_METHOD_MATCH = YES;
				"CODE_SIGN_IDENTITY[sdk=iphoneos*]" = "iPhone Developer";
				COPY_PHASE_STRIP = NO;
				DEBUG_INFORMATION_FORMAT = "dwarf-with-dsym";
				ENABLE_BITCODE = NO;
				ENABLE_NS_ASSERTIONS = NO;
				ENABLE_STRICT_OBJC_MSGSEND = YES;
				GCC_C_LANGUAGE_STANDARD = gnu99;
				GCC_DYNAMIC_NO_PIC = YES;
				GCC_NO_COMMON_BLOCKS = YES;
				GCC_WARN_64_TO_32_BIT_CONVERSION = YES;
				GCC_WARN_ABOUT_RETURN_TYPE = YES_ERROR;
				GCC_WARN_UNDECLARED_SELECTOR = YES;
				GCC_WARN_UNINITIALIZED_AUTOS = YES_AGGRESSIVE;
				GCC_WARN_UNUSED_FUNCTION = YES;
				GCC_WARN_UNUSED_VARIABLE = YES;
				IPHONEOS_DEPLOYMENT_TARGET = 2.0;
				LD_NO_PIE = YES;
				MTL_ENABLE_DEBUG_INFO = NO;
				SDKROOT = iphoneos;
				VALIDATE_PRODUCT = YES;
			};
			name = Release;
		};
		FA28E7221D1B21A5003D3724 /* Debug */ = {
			isa = XCBuildConfiguration;
			buildSettings = {
				ARCHS = "$(ARCHS_STANDARD_32_BIT)";
				ASSETCATALOG_COMPILER_APPICON_NAME = AppIcon;
				ASSETCATALOG_COMPILER_LAUNCHIMAGE_NAME = LaunchImage;
				CLANG_CXX_LIBRARY = "libstdc++";
				CLANG_ENABLE_MODULES = NO;
				CLANG_ENABLE_OBJC_ARC = NO;
				FRAMEWORK_SEARCH_PATHS = "\"$(SRCROOT)/../External/System/Library/PrivateFrameworks\"";
				GCC_PREFIX_HEADER = ../Source/Headers/Prefix.pch;
				HEADER_SEARCH_PATHS = (
					"\"$(SRCROOT)/../External/usr/include\"",
					"\"$(SRCROOT)/..\"",
				);
				INFOPLIST_FILE = Cydia/Info.plist;
				"IPHONEOS_DEPLOYMENT_TARGET[arch=*]" = 2.0;
				"IPHONEOS_DEPLOYMENT_TARGET[arch=i386]" = 6.0;
				"IPHONEOS_DEPLOYMENT_TARGET[arch=x86_64]" = 6.0;
				LD_RUNPATH_SEARCH_PATHS = "$(inherited) @executable_path/Frameworks";
				LIBRARY_SEARCH_PATHS = "\"$(SRCROOT)/../External/usr/lib\"";
				OTHER_CFLAGS = (
					"-idirafter",
					"\"$(SRCROOT)/../icu/icuSources/common\"",
					"-idirafter",
					"\"$(SRCROOT)/../icu/icuSources/i18n\"",
					"-idirafter",
					/usr/include,
				);
				PRODUCT_BUNDLE_IDENTIFIER = oss.Cydia;
				PRODUCT_NAME = "$(TARGET_NAME)";
			};
			name = Debug;
		};
		FA28E7231D1B21A5003D3724 /* Release */ = {
			isa = XCBuildConfiguration;
			buildSettings = {
				ARCHS = "$(ARCHS_STANDARD_32_BIT)";
				ASSETCATALOG_COMPILER_APPICON_NAME = AppIcon;
				ASSETCATALOG_COMPILER_LAUNCHIMAGE_NAME = LaunchImage;
				CLANG_CXX_LIBRARY = "libstdc++";
				CLANG_ENABLE_MODULES = NO;
				CLANG_ENABLE_OBJC_ARC = NO;
				FRAMEWORK_SEARCH_PATHS = "\"$(SRCROOT)/../External/System/Library/PrivateFrameworks\"";
				GCC_PREFIX_HEADER = ../Source/Headers/Prefix.pch;
				HEADER_SEARCH_PATHS = (
					"\"$(SRCROOT)/../External/usr/include\"",
					"\"$(SRCROOT)/..\"",
				);
				INFOPLIST_FILE = Cydia/Info.plist;
				"IPHONEOS_DEPLOYMENT_TARGET[arch=*]" = 2.0;
				"IPHONEOS_DEPLOYMENT_TARGET[arch=i386]" = 6.0;
				"IPHONEOS_DEPLOYMENT_TARGET[arch=x86_64]" = 6.0;
				LD_RUNPATH_SEARCH_PATHS = "$(inherited) @executable_path/Frameworks";
				LIBRARY_SEARCH_PATHS = "\"$(SRCROOT)/../External/usr/lib\"";
				OTHER_CFLAGS = (
					"-idirafter",
					"\"$(SRCROOT)/../icu/icuSources/common\"",
					"-idirafter",
					"\"$(SRCROOT)/../icu/icuSources/i18n\"",
					"-idirafter",
					/usr/include,
				);
				PRODUCT_BUNDLE_IDENTIFIER = oss.Cydia;
				PRODUCT_NAME = "$(TARGET_NAME)";
			};
			name = Release;
		};
/* End XCBuildConfiguration section */

/* Begin XCConfigurationList section */
		FA28E7051D1B21A5003D3724 /* Build configuration list for PBXProject "Cydia" */ = {
			isa = XCConfigurationList;
			buildConfigurations = (
				FA28E71F1D1B21A5003D3724 /* Debug */,
				FA28E7201D1B21A5003D3724 /* Release */,
			);
			defaultConfigurationIsVisible = 0;
			defaultConfigurationName = Release;
		};
		FA28E7211D1B21A5003D3724 /* Build configuration list for PBXNativeTarget "Cydia" */ = {
			isa = XCConfigurationList;
			buildConfigurations = (
				FA28E7221D1B21A5003D3724 /* Debug */,
				FA28E7231D1B21A5003D3724 /* Release */,
			);
			defaultConfigurationIsVisible = 0;
			defaultConfigurationName = Release;
		};
/* End XCConfigurationList section */
	};
	rootObject = FA28E7021D1B21A5003D3724 /* Project object */;
}
